{
  "name": "service",
  "lockfileVersion": 2,
  "requires": true,
  "packages": {
    "": {
      "dependencies": {
        "ccxt": "1.84.78",
        "date-fns": "2.28.0",
        "faunadb": "4.5.4",
        "got": "12.1.0"
      },
      "devDependencies": {
        "lodash": "4.17.21"
      }
    },
    "node_modules/@sindresorhus/is": {
      "version": "4.6.0",
      "resolved": "https://registry.npmjs.org/@sindresorhus/is/-/is-4.6.0.tgz",
      "integrity": "sha512-t09vSN3MdfsyCHoFcTRCH/iUtG7OJ0CsjzB8cjAmKc/va/kIgeDI/TxsigdncE/4be734m0cvIYwNaV4i2XqAw==",
      "engines": {
        "node": ">=10"
      },
      "funding": {
        "url": "https://github.com/sindresorhus/is?sponsor=1"
      }
    },
    "node_modules/@szmarczak/http-timer": {
      "version": "5.0.1",
      "resolved": "https://registry.npmjs.org/@szmarczak/http-timer/-/http-timer-5.0.1.tgz",
      "integrity": "sha512-+PmQX0PiAYPMeVYe237LJAYvOMYW1j2rH5YROyS3b4CTVJum34HfRvKvAzozHAQG0TnHNdUfY9nCeUyRAs//cw==",
      "dependencies": {
        "defer-to-connect": "^2.0.1"
      },
      "engines": {
        "node": ">=14.16"
      }
    },
    "node_modules/@types/cacheable-request": {
      "version": "6.0.2",
      "resolved": "https://registry.npmjs.org/@types/cacheable-request/-/cacheable-request-6.0.2.tgz",
      "integrity": "sha512-B3xVo+dlKM6nnKTcmm5ZtY/OL8bOAOd2Olee9M1zft65ox50OzjEHW91sDiU9j6cvW8Ejg1/Qkf4xd2kugApUA==",
      "dependencies": {
        "@types/http-cache-semantics": "*",
        "@types/keyv": "*",
        "@types/node": "*",
        "@types/responselike": "*"
      }
    },
    "node_modules/@types/http-cache-semantics": {
      "version": "4.0.1",
      "resolved": "https://registry.npmjs.org/@types/http-cache-semantics/-/http-cache-semantics-4.0.1.tgz",
      "integrity": "sha512-SZs7ekbP8CN0txVG2xVRH6EgKmEm31BOxA07vkFaETzZz1xh+cbt8BcI0slpymvwhx5dlFnQG2rTlPVQn+iRPQ=="
    },
    "node_modules/@types/json-buffer": {
      "version": "3.0.0",
      "resolved": "https://registry.npmjs.org/@types/json-buffer/-/json-buffer-3.0.0.tgz",
      "integrity": "sha512-3YP80IxxFJB4b5tYC2SUPwkg0XQLiu0nWvhRgEatgjf+29IcWO9X1k8xRv5DGssJ/lCrjYTjQPcobJr2yWIVuQ=="
    },
    "node_modules/@types/keyv": {
      "version": "3.1.4",
      "resolved": "https://registry.npmjs.org/@types/keyv/-/keyv-3.1.4.tgz",
      "integrity": "sha512-BQ5aZNSCpj7D6K2ksrRCTmKRLEpnPvWDiLPfoGyhZ++8YtiK9d/3DBKPJgry359X/P1PfruyYwvnvwFjuEiEIg==",
      "dependencies": {
        "@types/node": "*"
      }
    },
    "node_modules/@types/node": {
      "version": "17.0.39",
      "resolved": "https://registry.npmjs.org/@types/node/-/node-17.0.39.tgz",
      "integrity": "sha512-JDU3YLlnPK3WDao6/DlXLOgSNpG13ct+CwIO17V8q0/9fWJyeMJJ/VyZ1lv8kDprihvZMydzVwf0tQOqGiY2Nw=="
    },
    "node_modules/@types/responselike": {
      "version": "1.0.0",
      "resolved": "https://registry.npmjs.org/@types/responselike/-/responselike-1.0.0.tgz",
      "integrity": "sha512-85Y2BjiufFzaMIlvJDvTTB8Fxl2xfLo4HgmHzVBz08w4wDePCTjYw66PdrolO0kzli3yam/YCgRufyo1DdQVTA==",
      "dependencies": {
        "@types/node": "*"
      }
    },
    "node_modules/ansi-align": {
      "version": "3.0.1",
      "resolved": "https://registry.npmjs.org/ansi-align/-/ansi-align-3.0.1.tgz",
      "integrity": "sha512-IOfwwBF5iczOjp/WeY4YxyjqAFMQoZufdQWDd19SEExbVLNXqvpzSJ/M7Za4/sCPmQ0+GRquoA7bGcINcxew6w==",
      "dependencies": {
        "string-width": "^4.1.0"
      }
    },
    "node_modules/ansi-regex": {
      "version": "5.0.1",
      "resolved": "https://registry.npmjs.org/ansi-regex/-/ansi-regex-5.0.1.tgz",
      "integrity": "sha512-quJQXlTSUGL2LH9SUXo8VwsY4soanhgo6LNSm84E1LBcE8s3O0wpdiRzyR9z/ZZJMlMWv37qOOb9pdJlMUEKFQ==",
      "engines": {
        "node": ">=8"
      }
    },
    "node_modules/ansi-styles": {
      "version": "4.3.0",
      "resolved": "https://registry.npmjs.org/ansi-styles/-/ansi-styles-4.3.0.tgz",
      "integrity": "sha512-zbB9rCJAT1rbjiVDb2hqKFHNYLxgtk8NURxZ3IZwD3F6NtxbXZQCnnSi1Lkx+IDohdPlFp222wVALIheZJQSEg==",
      "dependencies": {
        "color-convert": "^2.0.1"
      },
      "engines": {
        "node": ">=8"
      },
      "funding": {
        "url": "https://github.com/chalk/ansi-styles?sponsor=1"
      }
    },
    "node_modules/base64-js": {
      "version": "1.5.1",
      "resolved": "https://registry.npmjs.org/base64-js/-/base64-js-1.5.1.tgz",
      "integrity": "sha512-AKpaYlHn8t4SVbOHCy+b5+KKgvR4vrsD8vbvrbiQJps7fKDTkjkDry6ji0rUJjC0kzbNePLwzxq8iypo41qeWA==",
      "funding": [
        {
          "type": "github",
          "url": "https://github.com/sponsors/feross"
        },
        {
          "type": "patreon",
          "url": "https://www.patreon.com/feross"
        },
        {
          "type": "consulting",
          "url": "https://feross.org/support"
        }
      ]
    },
    "node_modules/boxen": {
      "version": "5.1.2",
      "resolved": "https://registry.npmjs.org/boxen/-/boxen-5.1.2.tgz",
      "integrity": "sha512-9gYgQKXx+1nP8mP7CzFyaUARhg7D3n1dF/FnErWmu9l6JvGpNUN278h0aSb+QjoiKSWG+iZ3uHrcqk0qrY9RQQ==",
      "dependencies": {
        "ansi-align": "^3.0.0",
        "camelcase": "^6.2.0",
        "chalk": "^4.1.0",
        "cli-boxes": "^2.2.1",
        "string-width": "^4.2.2",
        "type-fest": "^0.20.2",
        "widest-line": "^3.1.0",
        "wrap-ansi": "^7.0.0"
      },
      "engines": {
        "node": ">=10"
      },
      "funding": {
        "url": "https://github.com/sponsors/sindresorhus"
      }
    },
    "node_modules/btoa-lite": {
      "version": "1.0.0",
      "resolved": "https://registry.npmjs.org/btoa-lite/-/btoa-lite-1.0.0.tgz",
      "integrity": "sha512-gvW7InbIyF8AicrqWoptdW08pUxuhq8BEgowNajy9RhiE86fmGAGl+bLKo6oB8QP0CkqHLowfN0oJdKC/J6LbA=="
    },
    "node_modules/cacheable-lookup": {
      "version": "6.0.4",
      "resolved": "https://registry.npmjs.org/cacheable-lookup/-/cacheable-lookup-6.0.4.tgz",
      "integrity": "sha512-mbcDEZCkv2CZF4G01kr8eBd/5agkt9oCqz75tJMSIsquvRZ2sL6Hi5zGVKi/0OSC9oO1GHfJ2AV0ZIOY9vye0A==",
      "engines": {
        "node": ">=10.6.0"
      }
    },
    "node_modules/cacheable-request": {
      "version": "7.0.2",
      "resolved": "https://registry.npmjs.org/cacheable-request/-/cacheable-request-7.0.2.tgz",
      "integrity": "sha512-pouW8/FmiPQbuGpkXQ9BAPv/Mo5xDGANgSNXzTzJ8DrKGuXOssM4wIQRjfanNRh3Yu5cfYPvcorqbhg2KIJtew==",
      "dependencies": {
        "clone-response": "^1.0.2",
        "get-stream": "^5.1.0",
        "http-cache-semantics": "^4.0.0",
        "keyv": "^4.0.0",
        "lowercase-keys": "^2.0.0",
        "normalize-url": "^6.0.1",
        "responselike": "^2.0.0"
      },
      "engines": {
        "node": ">=8"
      }
    },
    "node_modules/camelcase": {
      "version": "6.3.0",
      "resolved": "https://registry.npmjs.org/camelcase/-/camelcase-6.3.0.tgz",
      "integrity": "sha512-Gmy6FhYlCY7uOElZUSbxo2UCDH8owEk996gkbrpsgGtrJLM3J7jGxl9Ic7Qwwj4ivOE5AWZWRMecDdF7hqGjFA==",
      "engines": {
        "node": ">=10"
      },
      "funding": {
        "url": "https://github.com/sponsors/sindresorhus"
      }
    },
    "node_modules/ccxt": {
      "version": "1.84.78",
      "resolved": "https://registry.npmjs.org/ccxt/-/ccxt-1.84.78.tgz",
      "integrity": "sha512-PNUnA5Y46ClNCmmKaetaGZc9jzdFZuRzibZ9BMZKPNJ1Sg9ceU/BwO/Ppx/YoJKSzzeL0nRKPURynFdPMfG5Xg==",
      "hasInstallScript": true,
      "engines": {
        "node": ">=10.4.0"
      }
    },
    "node_modules/chalk": {
      "version": "4.1.2",
      "resolved": "https://registry.npmjs.org/chalk/-/chalk-4.1.2.tgz",
      "integrity": "sha512-oKnbhFyRIXpUuez8iBMmyEa4nbj4IOQyuhc/wy9kY7/WVPcwIO9VA668Pu8RkO7+0G76SLROeyw9CpQ061i4mA==",
      "dependencies": {
        "ansi-styles": "^4.1.0",
        "supports-color": "^7.1.0"
      },
      "engines": {
        "node": ">=10"
      },
      "funding": {
        "url": "https://github.com/chalk/chalk?sponsor=1"
      }
    },
    "node_modules/cli-boxes": {
      "version": "2.2.1",
      "resolved": "https://registry.npmjs.org/cli-boxes/-/cli-boxes-2.2.1.tgz",
      "integrity": "sha512-y4coMcylgSCdVinjiDBuR8PCC2bLjyGTwEmPb9NHR/QaNU6EUOXcTY/s6VjGMD6ENSEaeQYHCY0GNGS5jfMwPw==",
      "engines": {
        "node": ">=6"
      },
      "funding": {
        "url": "https://github.com/sponsors/sindresorhus"
      }
    },
    "node_modules/clone-response": {
      "version": "1.0.2",
      "resolved": "https://registry.npmjs.org/clone-response/-/clone-response-1.0.2.tgz",
      "integrity": "sha512-yjLXh88P599UOyPTFX0POsd7WxnbsVsGohcwzHOLspIhhpalPw1BcqED8NblyZLKcGrL8dTgMlcaZxV2jAD41Q==",
      "dependencies": {
        "mimic-response": "^1.0.0"
      }
    },
    "node_modules/color-convert": {
      "version": "2.0.1",
      "resolved": "https://registry.npmjs.org/color-convert/-/color-convert-2.0.1.tgz",
      "integrity": "sha512-RRECPsj7iu/xb5oKYcsFHSppFNnsj/52OVTRKb4zP5onXwVF3zVmmToNcOfGC+CRDpfK/U584fMg38ZHCaElKQ==",
      "dependencies": {
        "color-name": "~1.1.4"
      },
      "engines": {
        "node": ">=7.0.0"
      }
    },
    "node_modules/color-name": {
      "version": "1.1.4",
      "resolved": "https://registry.npmjs.org/color-name/-/color-name-1.1.4.tgz",
      "integrity": "sha512-dOy+3AuW3a2wNbZHIuMZpTcgjGuLU/uBL/ubcZF9OXbDo8ff4O8yVp5Bf0efS8uEoYo5q4Fx7dY9OgQGXgAsQA=="
    },
    "node_modules/compress-brotli": {
      "version": "1.3.8",
      "resolved": "https://registry.npmjs.org/compress-brotli/-/compress-brotli-1.3.8.tgz",
      "integrity": "sha512-lVcQsjhxhIXsuupfy9fmZUFtAIdBmXA7EGY6GBdgZ++qkM9zG4YFT8iU7FoBxzryNDMOpD1HIFHUSX4D87oqhQ==",
      "dependencies": {
        "@types/json-buffer": "~3.0.0",
        "json-buffer": "~3.0.1"
      },
      "engines": {
        "node": ">= 12"
      }
    },
    "node_modules/cross-fetch": {
      "version": "3.1.5",
      "resolved": "https://registry.npmjs.org/cross-fetch/-/cross-fetch-3.1.5.tgz",
      "integrity": "sha512-lvb1SBsI0Z7GDwmuid+mU3kWVBwTVUbe7S0H52yaaAdQOXq2YktTCZdlAcNKFzE6QtRz0snpw9bNiPeOIkkQvw==",
      "dependencies": {
        "node-fetch": "2.6.7"
      }
    },
    "node_modules/date-fns": {
      "version": "2.28.0",
      "resolved": "https://registry.npmjs.org/date-fns/-/date-fns-2.28.0.tgz",
      "integrity": "sha512-8d35hViGYx/QH0icHYCeLmsLmMUheMmTyV9Fcm6gvNwdw31yXXH+O85sOBJ+OLnLQMKZowvpKb6FgMIQjcpvQw==",
      "engines": {
        "node": ">=0.11"
      },
      "funding": {
        "type": "opencollective",
        "url": "https://opencollective.com/date-fns"
      }
    },
    "node_modules/decompress-response": {
      "version": "6.0.0",
      "resolved": "https://registry.npmjs.org/decompress-response/-/decompress-response-6.0.0.tgz",
      "integrity": "sha512-aW35yZM6Bb/4oJlZncMH2LCoZtJXTRxES17vE3hoRiowU2kWHaJKFkSBDnDR+cm9J+9QhXmREyIfv0pji9ejCQ==",
      "dependencies": {
        "mimic-response": "^3.1.0"
      },
      "engines": {
        "node": ">=10"
      },
      "funding": {
        "url": "https://github.com/sponsors/sindresorhus"
      }
    },
    "node_modules/decompress-response/node_modules/mimic-response": {
      "version": "3.1.0",
      "resolved": "https://registry.npmjs.org/mimic-response/-/mimic-response-3.1.0.tgz",
      "integrity": "sha512-z0yWI+4FDrrweS8Zmt4Ej5HdJmky15+L2e6Wgn3+iK5fWzb6T3fhNFq2+MeTRb064c6Wr4N/wv0DzQTjNzHNGQ==",
      "engines": {
        "node": ">=10"
      },
      "funding": {
        "url": "https://github.com/sponsors/sindresorhus"
      }
    },
    "node_modules/defer-to-connect": {
      "version": "2.0.1",
      "resolved": "https://registry.npmjs.org/defer-to-connect/-/defer-to-connect-2.0.1.tgz",
      "integrity": "sha512-4tvttepXG1VaYGrRibk5EwJd1t4udunSOVMdLSAL6mId1ix438oPwPZMALY41FCijukO1L0twNcGsdzS7dHgDg==",
      "engines": {
        "node": ">=10"
      }
    },
    "node_modules/dotenv": {
      "version": "8.6.0",
      "resolved": "https://registry.npmjs.org/dotenv/-/dotenv-8.6.0.tgz",
      "integrity": "sha512-IrPdXQsk2BbzvCBGBOTmmSH5SodmqZNt4ERAZDmW4CT+tL8VtvinqywuANaFu4bOMWki16nqf0e4oC0QIaDr/g==",
      "engines": {
        "node": ">=10"
      }
    },
    "node_modules/emoji-regex": {
      "version": "8.0.0",
      "resolved": "https://registry.npmjs.org/emoji-regex/-/emoji-regex-8.0.0.tgz",
      "integrity": "sha512-MSjYzcWNOA0ewAHpz0MxpYFvwg6yjy1NG3xteoqz644VCo/RPgnr1/GGt+ic3iJTzQ8Eu3TdM14SawnVUmGE6A=="
    },
    "node_modules/end-of-stream": {
      "version": "1.4.4",
      "resolved": "https://registry.npmjs.org/end-of-stream/-/end-of-stream-1.4.4.tgz",
      "integrity": "sha512-+uw1inIHVPQoaVuHzRyXd21icM+cnt4CzD5rW+NC1wjOUSTOs+Te7FOv7AhN7vS9x/oIyhLP5PR1H+phQAHu5Q==",
      "dependencies": {
        "once": "^1.4.0"
      }
    },
    "node_modules/faunadb": {
      "version": "4.5.4",
      "resolved": "https://registry.npmjs.org/faunadb/-/faunadb-4.5.4.tgz",
      "integrity": "sha512-v0e1aXPhitIGMtuC7NFtp//hyr0d2NtHFcGqsEJgWx49rRJoonZQl6hLQ3lBjhA/LPg26U4R/BAlmDFE2pzsUA==",
      "hasInstallScript": true,
      "dependencies": {
        "base64-js": "^1.2.0",
        "boxen": "^5.0.1",
        "btoa-lite": "^1.0.0",
        "chalk": "^4.1.1",
        "cross-fetch": "^3.1.5",
        "dotenv": "^8.2.0",
        "fn-annotate": "^1.1.3",
        "node-abort-controller": "^3.0.1",
        "object-assign": "^4.1.0",
        "util-deprecate": "^1.0.2"
      }
    },
    "node_modules/fn-annotate": {
      "version": "1.2.0",
      "resolved": "https://registry.npmjs.org/fn-annotate/-/fn-annotate-1.2.0.tgz",
      "integrity": "sha512-j2gv2wkRhQgkJNf1ygdca8ynP3tK+a87bowc+RG81iWTye3yKIOeAkrKYv0Kqyh8yCeSyljOk3ZFelfXUFpirA==",
      "engines": {
        "node": ">=0.10.0"
      }
    },
    "node_modules/form-data-encoder": {
      "version": "1.7.1",
      "resolved": "https://registry.npmjs.org/form-data-encoder/-/form-data-encoder-1.7.1.tgz",
      "integrity": "sha512-EFRDrsMm/kyqbTQocNvRXMLjc7Es2Vk+IQFx/YW7hkUH1eBl4J1fqiP34l74Yt0pFLCNpc06fkbVk00008mzjg=="
    },
    "node_modules/get-stream": {
      "version": "5.2.0",
      "resolved": "https://registry.npmjs.org/get-stream/-/get-stream-5.2.0.tgz",
      "integrity": "sha512-nBF+F1rAZVCu/p7rjzgA+Yb4lfYXrpl7a6VmJrU8wF9I1CKvP/QwPNZHnOlwbTkY6dvtFIzFMSyQXbLoTQPRpA==",
      "dependencies": {
        "pump": "^3.0.0"
      },
      "engines": {
        "node": ">=8"
      },
      "funding": {
        "url": "https://github.com/sponsors/sindresorhus"
      }
    },
    "node_modules/got": {
      "version": "12.1.0",
      "resolved": "https://registry.npmjs.org/got/-/got-12.1.0.tgz",
      "integrity": "sha512-hBv2ty9QN2RdbJJMK3hesmSkFTjVIHyIDDbssCKnSmq62edGgImJWD10Eb1k77TiV1bxloxqcFAVK8+9pkhOig==",
      "dependencies": {
        "@sindresorhus/is": "^4.6.0",
        "@szmarczak/http-timer": "^5.0.1",
        "@types/cacheable-request": "^6.0.2",
        "@types/responselike": "^1.0.0",
        "cacheable-lookup": "^6.0.4",
        "cacheable-request": "^7.0.2",
        "decompress-response": "^6.0.0",
        "form-data-encoder": "1.7.1",
        "get-stream": "^6.0.1",
        "http2-wrapper": "^2.1.10",
        "lowercase-keys": "^3.0.0",
        "p-cancelable": "^3.0.0",
        "responselike": "^2.0.0"
      },
      "engines": {
        "node": ">=14.16"
      },
      "funding": {
        "url": "https://github.com/sindresorhus/got?sponsor=1"
      }
    },
    "node_modules/got/node_modules/get-stream": {
      "version": "6.0.1",
      "resolved": "https://registry.npmjs.org/get-stream/-/get-stream-6.0.1.tgz",
      "integrity": "sha512-ts6Wi+2j3jQjqi70w5AlN8DFnkSwC+MqmxEzdEALB2qXZYV3X/b1CTfgPLGJNMeAWxdPfU8FO1ms3NUfaHCPYg==",
      "engines": {
        "node": ">=10"
      },
      "funding": {
        "url": "https://github.com/sponsors/sindresorhus"
      }
    },
    "node_modules/got/node_modules/lowercase-keys": {
      "version": "3.0.0",
      "resolved": "https://registry.npmjs.org/lowercase-keys/-/lowercase-keys-3.0.0.tgz",
      "integrity": "sha512-ozCC6gdQ+glXOQsveKD0YsDy8DSQFjDTz4zyzEHNV5+JP5D62LmfDZ6o1cycFx9ouG940M5dE8C8CTewdj2YWQ==",
      "engines": {
        "node": "^12.20.0 || ^14.13.1 || >=16.0.0"
      },
      "funding": {
        "url": "https://github.com/sponsors/sindresorhus"
      }
    },
    "node_modules/has-flag": {
      "version": "4.0.0",
      "resolved": "https://registry.npmjs.org/has-flag/-/has-flag-4.0.0.tgz",
      "integrity": "sha512-EykJT/Q1KjTWctppgIAgfSO0tKVuZUjhgMr17kqTumMl6Afv3EISleU7qZUzoXDFTAHTDC4NOoG/ZxU3EvlMPQ==",
      "engines": {
        "node": ">=8"
      }
    },
    "node_modules/http-cache-semantics": {
      "version": "4.1.0",
      "resolved": "https://registry.npmjs.org/http-cache-semantics/-/http-cache-semantics-4.1.0.tgz",
      "integrity": "sha512-carPklcUh7ROWRK7Cv27RPtdhYhUsela/ue5/jKzjegVvXDqM2ILE9Q2BGn9JZJh1g87cp56su/FgQSzcWS8cQ=="
    },
    "node_modules/http2-wrapper": {
      "version": "2.1.11",
      "resolved": "https://registry.npmjs.org/http2-wrapper/-/http2-wrapper-2.1.11.tgz",
      "integrity": "sha512-aNAk5JzLturWEUiuhAN73Jcbq96R7rTitAoXV54FYMatvihnpD2+6PUgU4ce3D/m5VDbw+F5CsyKSF176ptitQ==",
      "dependencies": {
        "quick-lru": "^5.1.1",
        "resolve-alpn": "^1.2.0"
      },
      "engines": {
        "node": ">=10.19.0"
      }
    },
    "node_modules/is-fullwidth-code-point": {
      "version": "3.0.0",
      "resolved": "https://registry.npmjs.org/is-fullwidth-code-point/-/is-fullwidth-code-point-3.0.0.tgz",
      "integrity": "sha512-zymm5+u+sCsSWyD9qNaejV3DFvhCKclKdizYaJUuHA83RLjb7nSuGnddCHGv0hk+KY7BMAlsWeK4Ueg6EV6XQg==",
      "engines": {
        "node": ">=8"
      }
    },
    "node_modules/json-buffer": {
      "version": "3.0.1",
      "resolved": "https://registry.npmjs.org/json-buffer/-/json-buffer-3.0.1.tgz",
      "integrity": "sha512-4bV5BfR2mqfQTJm+V5tPPdf+ZpuhiIvTuAB5g8kcrXOZpTT/QwwVRWBywX1ozr6lEuPdbHxwaJlm9G6mI2sfSQ=="
    },
    "node_modules/keyv": {
      "version": "4.3.0",
      "resolved": "https://registry.npmjs.org/keyv/-/keyv-4.3.0.tgz",
      "integrity": "sha512-C30Un9+63J0CsR7Wka5quXKqYZsT6dcRQ2aOwGcSc3RiQ4HGWpTAHlCA+puNfw2jA/s11EsxA1nCXgZRuRKMQQ==",
      "dependencies": {
        "compress-brotli": "^1.3.8",
        "json-buffer": "3.0.1"
      }
    },
    "node_modules/lodash": {
      "version": "4.17.21",
      "resolved": "https://registry.npmjs.org/lodash/-/lodash-4.17.21.tgz",
      "integrity": "sha512-v2kDEe57lecTulaDIuNTPy3Ry4gLGJ6Z1O3vE1krgXZNrsQ+LFTGHVxVjcXPs17LhbZVGedAJv8XZ1tvj5FvSg==",
      "dev": true
    },
    "node_modules/lowercase-keys": {
      "version": "2.0.0",
      "resolved": "https://registry.npmjs.org/lowercase-keys/-/lowercase-keys-2.0.0.tgz",
      "integrity": "sha512-tqNXrS78oMOE73NMxK4EMLQsQowWf8jKooH9g7xPavRT706R6bkQJ6DY2Te7QukaZsulxa30wQ7bk0pm4XiHmA==",
      "engines": {
        "node": ">=8"
      }
    },
    "node_modules/mimic-response": {
      "version": "1.0.1",
      "resolved": "https://registry.npmjs.org/mimic-response/-/mimic-response-1.0.1.tgz",
      "integrity": "sha512-j5EctnkH7amfV/q5Hgmoal1g2QHFJRraOtmx0JpIqkxhBhI/lJSl1nMpQ45hVarwNETOoWEimndZ4QK0RHxuxQ==",
      "engines": {
        "node": ">=4"
      }
    },
    "node_modules/node-abort-controller": {
      "version": "3.0.1",
      "resolved": "https://registry.npmjs.org/node-abort-controller/-/node-abort-controller-3.0.1.tgz",
      "integrity": "sha512-/ujIVxthRs+7q6hsdjHMaj8hRG9NuWmwrz+JdRwZ14jdFoKSkm+vDsCbF9PLpnSqjaWQJuTmVtcWHNLr+vrOFw=="
    },
    "node_modules/node-fetch": {
      "version": "2.6.7",
      "resolved": "https://registry.npmjs.org/node-fetch/-/node-fetch-2.6.7.tgz",
      "integrity": "sha512-ZjMPFEfVx5j+y2yF35Kzx5sF7kDzxuDj6ziH4FFbOp87zKDZNx8yExJIb05OGF4Nlt9IHFIMBkRl41VdvcNdbQ==",
      "dependencies": {
        "whatwg-url": "^5.0.0"
      },
      "engines": {
        "node": "4.x || >=6.0.0"
      },
      "peerDependencies": {
        "encoding": "^0.1.0"
      },
      "peerDependenciesMeta": {
        "encoding": {
          "optional": true
        }
      }
    },
    "node_modules/normalize-url": {
      "version": "6.1.0",
      "resolved": "https://registry.npmjs.org/normalize-url/-/normalize-url-6.1.0.tgz",
      "integrity": "sha512-DlL+XwOy3NxAQ8xuC0okPgK46iuVNAK01YN7RueYBqqFeGsBjV9XmCAzAdgt+667bCl5kPh9EqKKDwnaPG1I7A==",
      "engines": {
        "node": ">=10"
      },
      "funding": {
        "url": "https://github.com/sponsors/sindresorhus"
      }
    },
    "node_modules/object-assign": {
      "version": "4.1.1",
      "resolved": "https://registry.npmjs.org/object-assign/-/object-assign-4.1.1.tgz",
      "integrity": "sha512-rJgTQnkUnH1sFw8yT6VSU3zD3sWmu6sZhIseY8VX+GRu3P6F7Fu+JNDoXfklElbLJSnc3FUQHVe4cU5hj+BcUg==",
      "engines": {
        "node": ">=0.10.0"
      }
    },
    "node_modules/once": {
      "version": "1.4.0",
      "resolved": "https://registry.npmjs.org/once/-/once-1.4.0.tgz",
      "integrity": "sha512-lNaJgI+2Q5URQBkccEKHTQOPaXdUxnZZElQTZY0MFUAuaEqe1E+Nyvgdz/aIyNi6Z9MzO5dv1H8n58/GELp3+w==",
      "dependencies": {
        "wrappy": "1"
      }
    },
    "node_modules/p-cancelable": {
      "version": "3.0.0",
      "resolved": "https://registry.npmjs.org/p-cancelable/-/p-cancelable-3.0.0.tgz",
      "integrity": "sha512-mlVgR3PGuzlo0MmTdk4cXqXWlwQDLnONTAg6sm62XkMJEiRxN3GL3SffkYvqwonbkJBcrI7Uvv5Zh9yjvn2iUw==",
      "engines": {
        "node": ">=12.20"
      }
    },
    "node_modules/pump": {
      "version": "3.0.0",
      "resolved": "https://registry.npmjs.org/pump/-/pump-3.0.0.tgz",
      "integrity": "sha512-LwZy+p3SFs1Pytd/jYct4wpv49HiYCqd9Rlc5ZVdk0V+8Yzv6jR5Blk3TRmPL1ft69TxP0IMZGJ+WPFU2BFhww==",
      "dependencies": {
        "end-of-stream": "^1.1.0",
        "once": "^1.3.1"
      }
    },
    "node_modules/quick-lru": {
      "version": "5.1.1",
      "resolved": "https://registry.npmjs.org/quick-lru/-/quick-lru-5.1.1.tgz",
      "integrity": "sha512-WuyALRjWPDGtt/wzJiadO5AXY+8hZ80hVpe6MyivgraREW751X3SbhRvG3eLKOYN+8VEvqLcf3wdnt44Z4S4SA==",
      "engines": {
        "node": ">=10"
      },
      "funding": {
        "url": "https://github.com/sponsors/sindresorhus"
      }
    },
    "node_modules/resolve-alpn": {
      "version": "1.2.1",
      "resolved": "https://registry.npmjs.org/resolve-alpn/-/resolve-alpn-1.2.1.tgz",
      "integrity": "sha512-0a1F4l73/ZFZOakJnQ3FvkJ2+gSTQWz/r2KE5OdDY0TxPm5h4GkqkWWfM47T7HsbnOtcJVEF4epCVy6u7Q3K+g=="
    },
    "node_modules/responselike": {
      "version": "2.0.0",
      "resolved": "https://registry.npmjs.org/responselike/-/responselike-2.0.0.tgz",
      "integrity": "sha512-xH48u3FTB9VsZw7R+vvgaKeLKzT6jOogbQhEe/jewwnZgzPcnyWui2Av6JpoYZF/91uueC+lqhWqeURw5/qhCw==",
      "dependencies": {
        "lowercase-keys": "^2.0.0"
      }
    },
    "node_modules/string-width": {
      "version": "4.2.3",
      "resolved": "https://registry.npmjs.org/string-width/-/string-width-4.2.3.tgz",
      "integrity": "sha512-wKyQRQpjJ0sIp62ErSZdGsjMJWsap5oRNihHhu6G7JVO/9jIB6UyevL+tXuOqrng8j/cxKTWyWUwvSTriiZz/g==",
      "dependencies": {
        "emoji-regex": "^8.0.0",
        "is-fullwidth-code-point": "^3.0.0",
        "strip-ansi": "^6.0.1"
      },
      "engines": {
        "node": ">=8"
      }
    },
    "node_modules/strip-ansi": {
      "version": "6.0.1",
      "resolved": "https://registry.npmjs.org/strip-ansi/-/strip-ansi-6.0.1.tgz",
      "integrity": "sha512-Y38VPSHcqkFrCpFnQ9vuSXmquuv5oXOKpGeT6aGrr3o3Gc9AlVa6JBfUSOCnbxGGZF+/0ooI7KrPuUSztUdU5A==",
      "dependencies": {
        "ansi-regex": "^5.0.1"
      },
      "engines": {
        "node": ">=8"
      }
    },
    "node_modules/supports-color": {
      "version": "7.2.0",
      "resolved": "https://registry.npmjs.org/supports-color/-/supports-color-7.2.0.tgz",
      "integrity": "sha512-qpCAvRl9stuOHveKsn7HncJRvv501qIacKzQlO/+Lwxc9+0q2wLyv4Dfvt80/DPn2pqOBsJdDiogXGR9+OvwRw==",
      "dependencies": {
        "has-flag": "^4.0.0"
      },
      "engines": {
        "node": ">=8"
      }
    },
    "node_modules/tr46": {
      "version": "0.0.3",
      "resolved": "https://registry.npmjs.org/tr46/-/tr46-0.0.3.tgz",
      "integrity": "sha1-gYT9NH2snNwYWZLzpmIuFLnZq2o="
    },
    "node_modules/type-fest": {
      "version": "0.20.2",
      "resolved": "https://registry.npmjs.org/type-fest/-/type-fest-0.20.2.tgz",
      "integrity": "sha512-Ne+eE4r0/iWnpAxD852z3A+N0Bt5RN//NjJwRd2VFHEmrywxf5vsZlh4R6lixl6B+wz/8d+maTSAkN1FIkI3LQ==",
      "engines": {
        "node": ">=10"
      },
      "funding": {
        "url": "https://github.com/sponsors/sindresorhus"
      }
    },
    "node_modules/util-deprecate": {
      "version": "1.0.2",
      "resolved": "https://registry.npmjs.org/util-deprecate/-/util-deprecate-1.0.2.tgz",
      "integrity": "sha1-RQ1Nyfpw3nMnYvvS1KKJgUGaDM8="
    },
    "node_modules/webidl-conversions": {
      "version": "3.0.1",
      "resolved": "https://registry.npmjs.org/webidl-conversions/-/webidl-conversions-3.0.1.tgz",
      "integrity": "sha1-JFNCdeKnvGvnvIZhHMFq4KVlSHE="
    },
    "node_modules/whatwg-url": {
      "version": "5.0.0",
      "resolved": "https://registry.npmjs.org/whatwg-url/-/whatwg-url-5.0.0.tgz",
      "integrity": "sha1-lmRU6HZUYuN2RNNib2dCzotwll0=",
      "dependencies": {
        "tr46": "~0.0.3",
        "webidl-conversions": "^3.0.0"
      }
    },
    "node_modules/widest-line": {
      "version": "3.1.0",
      "resolved": "https://registry.npmjs.org/widest-line/-/widest-line-3.1.0.tgz",
      "integrity": "sha512-NsmoXalsWVDMGupxZ5R08ka9flZjjiLvHVAWYOKtiKM8ujtZWr9cRffak+uSE48+Ob8ObalXpwyeUiyDD6QFgg==",
      "dependencies": {
        "string-width": "^4.0.0"
      },
      "engines": {
        "node": ">=8"
      }
    },
    "node_modules/wrap-ansi": {
      "version": "7.0.0",
      "resolved": "https://registry.npmjs.org/wrap-ansi/-/wrap-ansi-7.0.0.tgz",
      "integrity": "sha512-YVGIj2kamLSTxw6NsZjoBxfSwsn0ycdesmc4p+Q21c5zPuZ1pl+NfxVdxPtdHvmNVOQ6XSYG4AUtyt/Fi7D16Q==",
      "dependencies": {
        "ansi-styles": "^4.0.0",
        "string-width": "^4.1.0",
        "strip-ansi": "^6.0.0"
      },
      "engines": {
        "node": ">=10"
      },
      "funding": {
        "url": "https://github.com/chalk/wrap-ansi?sponsor=1"
      }
    },
    "node_modules/wrappy": {
      "version": "1.0.2",
      "resolved": "https://registry.npmjs.org/wrappy/-/wrappy-1.0.2.tgz",
      "integrity": "sha1-tSQ9jz7BqjXxNkYFvA0QNuMKtp8="
    }
  },
  "dependencies": {
    "@sindresorhus/is": {
      "version": "4.6.0",
      "resolved": "https://registry.npmjs.org/@sindresorhus/is/-/is-4.6.0.tgz",
      "integrity": "sha512-t09vSN3MdfsyCHoFcTRCH/iUtG7OJ0CsjzB8cjAmKc/va/kIgeDI/TxsigdncE/4be734m0cvIYwNaV4i2XqAw=="
    },
    "@szmarczak/http-timer": {
      "version": "5.0.1",
      "resolved": "https://registry.npmjs.org/@szmarczak/http-timer/-/http-timer-5.0.1.tgz",
      "integrity": "sha512-+PmQX0PiAYPMeVYe237LJAYvOMYW1j2rH5YROyS3b4CTVJum34HfRvKvAzozHAQG0TnHNdUfY9nCeUyRAs//cw==",
      "requires": {
        "defer-to-connect": "^2.0.1"
      }
    },
    "@types/cacheable-request": {
      "version": "6.0.2",
      "resolved": "https://registry.npmjs.org/@types/cacheable-request/-/cacheable-request-6.0.2.tgz",
      "integrity": "sha512-B3xVo+dlKM6nnKTcmm5ZtY/OL8bOAOd2Olee9M1zft65ox50OzjEHW91sDiU9j6cvW8Ejg1/Qkf4xd2kugApUA==",
      "requires": {
        "@types/http-cache-semantics": "*",
        "@types/keyv": "*",
        "@types/node": "*",
        "@types/responselike": "*"
      }
    },
    "@types/http-cache-semantics": {
      "version": "4.0.1",
      "resolved": "https://registry.npmjs.org/@types/http-cache-semantics/-/http-cache-semantics-4.0.1.tgz",
      "integrity": "sha512-SZs7ekbP8CN0txVG2xVRH6EgKmEm31BOxA07vkFaETzZz1xh+cbt8BcI0slpymvwhx5dlFnQG2rTlPVQn+iRPQ=="
    },
    "@types/json-buffer": {
      "version": "3.0.0",
      "resolved": "https://registry.npmjs.org/@types/json-buffer/-/json-buffer-3.0.0.tgz",
      "integrity": "sha512-3YP80IxxFJB4b5tYC2SUPwkg0XQLiu0nWvhRgEatgjf+29IcWO9X1k8xRv5DGssJ/lCrjYTjQPcobJr2yWIVuQ=="
    },
    "@types/keyv": {
      "version": "3.1.4",
      "resolved": "https://registry.npmjs.org/@types/keyv/-/keyv-3.1.4.tgz",
      "integrity": "sha512-BQ5aZNSCpj7D6K2ksrRCTmKRLEpnPvWDiLPfoGyhZ++8YtiK9d/3DBKPJgry359X/P1PfruyYwvnvwFjuEiEIg==",
      "requires": {
        "@types/node": "*"
      }
    },
    "@types/node": {
      "version": "17.0.39",
      "resolved": "https://registry.npmjs.org/@types/node/-/node-17.0.39.tgz",
      "integrity": "sha512-JDU3YLlnPK3WDao6/DlXLOgSNpG13ct+CwIO17V8q0/9fWJyeMJJ/VyZ1lv8kDprihvZMydzVwf0tQOqGiY2Nw=="
    },
    "@types/responselike": {
      "version": "1.0.0",
      "resolved": "https://registry.npmjs.org/@types/responselike/-/responselike-1.0.0.tgz",
      "integrity": "sha512-85Y2BjiufFzaMIlvJDvTTB8Fxl2xfLo4HgmHzVBz08w4wDePCTjYw66PdrolO0kzli3yam/YCgRufyo1DdQVTA==",
      "requires": {
        "@types/node": "*"
      }
    },
    "ansi-align": {
      "version": "3.0.1",
      "resolved": "https://registry.npmjs.org/ansi-align/-/ansi-align-3.0.1.tgz",
      "integrity": "sha512-IOfwwBF5iczOjp/WeY4YxyjqAFMQoZufdQWDd19SEExbVLNXqvpzSJ/M7Za4/sCPmQ0+GRquoA7bGcINcxew6w==",
      "requires": {
        "string-width": "^4.1.0"
      }
    },
    "ansi-regex": {
      "version": "5.0.1",
      "resolved": "https://registry.npmjs.org/ansi-regex/-/ansi-regex-5.0.1.tgz",
      "integrity": "sha512-quJQXlTSUGL2LH9SUXo8VwsY4soanhgo6LNSm84E1LBcE8s3O0wpdiRzyR9z/ZZJMlMWv37qOOb9pdJlMUEKFQ=="
    },
    "ansi-styles": {
      "version": "4.3.0",
      "resolved": "https://registry.npmjs.org/ansi-styles/-/ansi-styles-4.3.0.tgz",
      "integrity": "sha512-zbB9rCJAT1rbjiVDb2hqKFHNYLxgtk8NURxZ3IZwD3F6NtxbXZQCnnSi1Lkx+IDohdPlFp222wVALIheZJQSEg==",
      "requires": {
        "color-convert": "^2.0.1"
      }
    },
    "base64-js": {
      "version": "1.5.1",
      "resolved": "https://registry.npmjs.org/base64-js/-/base64-js-1.5.1.tgz",
      "integrity": "sha512-AKpaYlHn8t4SVbOHCy+b5+KKgvR4vrsD8vbvrbiQJps7fKDTkjkDry6ji0rUJjC0kzbNePLwzxq8iypo41qeWA=="
    },
    "boxen": {
      "version": "5.1.2",
      "resolved": "https://registry.npmjs.org/boxen/-/boxen-5.1.2.tgz",
      "integrity": "sha512-9gYgQKXx+1nP8mP7CzFyaUARhg7D3n1dF/FnErWmu9l6JvGpNUN278h0aSb+QjoiKSWG+iZ3uHrcqk0qrY9RQQ==",
      "requires": {
        "ansi-align": "^3.0.0",
        "camelcase": "^6.2.0",
        "chalk": "^4.1.0",
        "cli-boxes": "^2.2.1",
        "string-width": "^4.2.2",
        "type-fest": "^0.20.2",
        "widest-line": "^3.1.0",
        "wrap-ansi": "^7.0.0"
      }
    },
    "btoa-lite": {
      "version": "1.0.0",
      "resolved": "https://registry.npmjs.org/btoa-lite/-/btoa-lite-1.0.0.tgz",
      "integrity": "sha512-gvW7InbIyF8AicrqWoptdW08pUxuhq8BEgowNajy9RhiE86fmGAGl+bLKo6oB8QP0CkqHLowfN0oJdKC/J6LbA=="
    },
    "cacheable-lookup": {
      "version": "6.0.4",
      "resolved": "https://registry.npmjs.org/cacheable-lookup/-/cacheable-lookup-6.0.4.tgz",
      "integrity": "sha512-mbcDEZCkv2CZF4G01kr8eBd/5agkt9oCqz75tJMSIsquvRZ2sL6Hi5zGVKi/0OSC9oO1GHfJ2AV0ZIOY9vye0A=="
    },
    "cacheable-request": {
      "version": "7.0.2",
      "resolved": "https://registry.npmjs.org/cacheable-request/-/cacheable-request-7.0.2.tgz",
      "integrity": "sha512-pouW8/FmiPQbuGpkXQ9BAPv/Mo5xDGANgSNXzTzJ8DrKGuXOssM4wIQRjfanNRh3Yu5cfYPvcorqbhg2KIJtew==",
      "requires": {
        "clone-response": "^1.0.2",
        "get-stream": "^5.1.0",
        "http-cache-semantics": "^4.0.0",
        "keyv": "^4.0.0",
        "lowercase-keys": "^2.0.0",
        "normalize-url": "^6.0.1",
        "responselike": "^2.0.0"
      }
    },
    "camelcase": {
      "version": "6.3.0",
      "resolved": "https://registry.npmjs.org/camelcase/-/camelcase-6.3.0.tgz",
      "integrity": "sha512-Gmy6FhYlCY7uOElZUSbxo2UCDH8owEk996gkbrpsgGtrJLM3J7jGxl9Ic7Qwwj4ivOE5AWZWRMecDdF7hqGjFA=="
    },
    "ccxt": {
      "version": "1.84.78",
      "resolved": "https://registry.npmjs.org/ccxt/-/ccxt-1.84.78.tgz",
      "integrity": "sha512-PNUnA5Y46ClNCmmKaetaGZc9jzdFZuRzibZ9BMZKPNJ1Sg9ceU/BwO/Ppx/YoJKSzzeL0nRKPURynFdPMfG5Xg=="
    },
    "chalk": {
      "version": "4.1.2",
      "resolved": "https://registry.npmjs.org/chalk/-/chalk-4.1.2.tgz",
      "integrity": "sha512-oKnbhFyRIXpUuez8iBMmyEa4nbj4IOQyuhc/wy9kY7/WVPcwIO9VA668Pu8RkO7+0G76SLROeyw9CpQ061i4mA==",
      "requires": {
        "ansi-styles": "^4.1.0",
        "supports-color": "^7.1.0"
      }
    },
    "cli-boxes": {
      "version": "2.2.1",
      "resolved": "https://registry.npmjs.org/cli-boxes/-/cli-boxes-2.2.1.tgz",
      "integrity": "sha512-y4coMcylgSCdVinjiDBuR8PCC2bLjyGTwEmPb9NHR/QaNU6EUOXcTY/s6VjGMD6ENSEaeQYHCY0GNGS5jfMwPw=="
    },
    "clone-response": {
      "version": "1.0.2",
      "resolved": "https://registry.npmjs.org/clone-response/-/clone-response-1.0.2.tgz",
      "integrity": "sha512-yjLXh88P599UOyPTFX0POsd7WxnbsVsGohcwzHOLspIhhpalPw1BcqED8NblyZLKcGrL8dTgMlcaZxV2jAD41Q==",
      "requires": {
        "mimic-response": "^1.0.0"
      }
    },
    "color-convert": {
      "version": "2.0.1",
      "resolved": "https://registry.npmjs.org/color-convert/-/color-convert-2.0.1.tgz",
      "integrity": "sha512-RRECPsj7iu/xb5oKYcsFHSppFNnsj/52OVTRKb4zP5onXwVF3zVmmToNcOfGC+CRDpfK/U584fMg38ZHCaElKQ==",
      "requires": {
        "color-name": "~1.1.4"
      }
    },
    "color-name": {
      "version": "1.1.4",
      "resolved": "https://registry.npmjs.org/color-name/-/color-name-1.1.4.tgz",
      "integrity": "sha512-dOy+3AuW3a2wNbZHIuMZpTcgjGuLU/uBL/ubcZF9OXbDo8ff4O8yVp5Bf0efS8uEoYo5q4Fx7dY9OgQGXgAsQA=="
    },
    "compress-brotli": {
      "version": "1.3.8",
      "resolved": "https://registry.npmjs.org/compress-brotli/-/compress-brotli-1.3.8.tgz",
      "integrity": "sha512-lVcQsjhxhIXsuupfy9fmZUFtAIdBmXA7EGY6GBdgZ++qkM9zG4YFT8iU7FoBxzryNDMOpD1HIFHUSX4D87oqhQ==",
      "requires": {
        "@types/json-buffer": "~3.0.0",
        "json-buffer": "~3.0.1"
      }
    },
    "cross-fetch": {
      "version": "3.1.5",
      "resolved": "https://registry.npmjs.org/cross-fetch/-/cross-fetch-3.1.5.tgz",
      "integrity": "sha512-lvb1SBsI0Z7GDwmuid+mU3kWVBwTVUbe7S0H52yaaAdQOXq2YktTCZdlAcNKFzE6QtRz0snpw9bNiPeOIkkQvw==",
      "requires": {
        "node-fetch": "2.6.7"
      }
    },
    "date-fns": {
      "version": "2.28.0",
      "resolved": "https://registry.npmjs.org/date-fns/-/date-fns-2.28.0.tgz",
      "integrity": "sha512-8d35hViGYx/QH0icHYCeLmsLmMUheMmTyV9Fcm6gvNwdw31yXXH+O85sOBJ+OLnLQMKZowvpKb6FgMIQjcpvQw=="
    },
    "decompress-response": {
      "version": "6.0.0",
      "resolved": "https://registry.npmjs.org/decompress-response/-/decompress-response-6.0.0.tgz",
      "integrity": "sha512-aW35yZM6Bb/4oJlZncMH2LCoZtJXTRxES17vE3hoRiowU2kWHaJKFkSBDnDR+cm9J+9QhXmREyIfv0pji9ejCQ==",
      "requires": {
        "mimic-response": "^3.1.0"
      },
      "dependencies": {
        "mimic-response": {
          "version": "3.1.0",
          "resolved": "https://registry.npmjs.org/mimic-response/-/mimic-response-3.1.0.tgz",
          "integrity": "sha512-z0yWI+4FDrrweS8Zmt4Ej5HdJmky15+L2e6Wgn3+iK5fWzb6T3fhNFq2+MeTRb064c6Wr4N/wv0DzQTjNzHNGQ=="
        }
      }
    },
    "defer-to-connect": {
      "version": "2.0.1",
      "resolved": "https://registry.npmjs.org/defer-to-connect/-/defer-to-connect-2.0.1.tgz",
      "integrity": "sha512-4tvttepXG1VaYGrRibk5EwJd1t4udunSOVMdLSAL6mId1ix438oPwPZMALY41FCijukO1L0twNcGsdzS7dHgDg=="
    },
    "dotenv": {
      "version": "8.6.0",
      "resolved": "https://registry.npmjs.org/dotenv/-/dotenv-8.6.0.tgz",
      "integrity": "sha512-IrPdXQsk2BbzvCBGBOTmmSH5SodmqZNt4ERAZDmW4CT+tL8VtvinqywuANaFu4bOMWki16nqf0e4oC0QIaDr/g=="
    },
    "emoji-regex": {
      "version": "8.0.0",
      "resolved": "https://registry.npmjs.org/emoji-regex/-/emoji-regex-8.0.0.tgz",
      "integrity": "sha512-MSjYzcWNOA0ewAHpz0MxpYFvwg6yjy1NG3xteoqz644VCo/RPgnr1/GGt+ic3iJTzQ8Eu3TdM14SawnVUmGE6A=="
    },
    "end-of-stream": {
      "version": "1.4.4",
      "resolved": "https://registry.npmjs.org/end-of-stream/-/end-of-stream-1.4.4.tgz",
      "integrity": "sha512-+uw1inIHVPQoaVuHzRyXd21icM+cnt4CzD5rW+NC1wjOUSTOs+Te7FOv7AhN7vS9x/oIyhLP5PR1H+phQAHu5Q==",
      "requires": {
        "once": "^1.4.0"
      }
    },
    "faunadb": {
      "version": "4.5.4",
      "resolved": "https://registry.npmjs.org/faunadb/-/faunadb-4.5.4.tgz",
      "integrity": "sha512-v0e1aXPhitIGMtuC7NFtp//hyr0d2NtHFcGqsEJgWx49rRJoonZQl6hLQ3lBjhA/LPg26U4R/BAlmDFE2pzsUA==",
      "requires": {
        "base64-js": "^1.2.0",
        "boxen": "^5.0.1",
        "btoa-lite": "^1.0.0",
        "chalk": "^4.1.1",
        "cross-fetch": "^3.1.5",
        "dotenv": "^8.2.0",
        "fn-annotate": "^1.1.3",
        "node-abort-controller": "^3.0.1",
        "object-assign": "^4.1.0",
        "util-deprecate": "^1.0.2"
      }
    },
    "fn-annotate": {
      "version": "1.2.0",
      "resolved": "https://registry.npmjs.org/fn-annotate/-/fn-annotate-1.2.0.tgz",
      "integrity": "sha512-j2gv2wkRhQgkJNf1ygdca8ynP3tK+a87bowc+RG81iWTye3yKIOeAkrKYv0Kqyh8yCeSyljOk3ZFelfXUFpirA=="
    },
    "form-data-encoder": {
      "version": "1.7.1",
      "resolved": "https://registry.npmjs.org/form-data-encoder/-/form-data-encoder-1.7.1.tgz",
      "integrity": "sha512-EFRDrsMm/kyqbTQocNvRXMLjc7Es2Vk+IQFx/YW7hkUH1eBl4J1fqiP34l74Yt0pFLCNpc06fkbVk00008mzjg=="
    },
    "get-stream": {
      "version": "5.2.0",
      "resolved": "https://registry.npmjs.org/get-stream/-/get-stream-5.2.0.tgz",
      "integrity": "sha512-nBF+F1rAZVCu/p7rjzgA+Yb4lfYXrpl7a6VmJrU8wF9I1CKvP/QwPNZHnOlwbTkY6dvtFIzFMSyQXbLoTQPRpA==",
      "requires": {
        "pump": "^3.0.0"
      }
    },
    "got": {
      "version": "12.1.0",
      "resolved": "https://registry.npmjs.org/got/-/got-12.1.0.tgz",
      "integrity": "sha512-hBv2ty9QN2RdbJJMK3hesmSkFTjVIHyIDDbssCKnSmq62edGgImJWD10Eb1k77TiV1bxloxqcFAVK8+9pkhOig==",
      "requires": {
        "@sindresorhus/is": "^4.6.0",
        "@szmarczak/http-timer": "^5.0.1",
        "@types/cacheable-request": "^6.0.2",
        "@types/responselike": "^1.0.0",
        "cacheable-lookup": "^6.0.4",
        "cacheable-request": "^7.0.2",
        "decompress-response": "^6.0.0",
        "form-data-encoder": "1.7.1",
        "get-stream": "^6.0.1",
        "http2-wrapper": "^2.1.10",
        "lowercase-keys": "^3.0.0",
        "p-cancelable": "^3.0.0",
        "responselike": "^2.0.0"
      },
      "dependencies": {
        "get-stream": {
          "version": "6.0.1",
          "resolved": "https://registry.npmjs.org/get-stream/-/get-stream-6.0.1.tgz",
          "integrity": "sha512-ts6Wi+2j3jQjqi70w5AlN8DFnkSwC+MqmxEzdEALB2qXZYV3X/b1CTfgPLGJNMeAWxdPfU8FO1ms3NUfaHCPYg=="
        },
        "lowercase-keys": {
          "version": "3.0.0",
          "resolved": "https://registry.npmjs.org/lowercase-keys/-/lowercase-keys-3.0.0.tgz",
          "integrity": "sha512-ozCC6gdQ+glXOQsveKD0YsDy8DSQFjDTz4zyzEHNV5+JP5D62LmfDZ6o1cycFx9ouG940M5dE8C8CTewdj2YWQ=="
        }
      }
    },
    "has-flag": {
      "version": "4.0.0",
      "resolved": "https://registry.npmjs.org/has-flag/-/has-flag-4.0.0.tgz",
      "integrity": "sha512-EykJT/Q1KjTWctppgIAgfSO0tKVuZUjhgMr17kqTumMl6Afv3EISleU7qZUzoXDFTAHTDC4NOoG/ZxU3EvlMPQ=="
    },
    "http-cache-semantics": {
      "version": "4.1.0",
      "resolved": "https://registry.npmjs.org/http-cache-semantics/-/http-cache-semantics-4.1.0.tgz",
      "integrity": "sha512-carPklcUh7ROWRK7Cv27RPtdhYhUsela/ue5/jKzjegVvXDqM2ILE9Q2BGn9JZJh1g87cp56su/FgQSzcWS8cQ=="
    },
    "http2-wrapper": {
      "version": "2.1.11",
      "resolved": "https://registry.npmjs.org/http2-wrapper/-/http2-wrapper-2.1.11.tgz",
      "integrity": "sha512-aNAk5JzLturWEUiuhAN73Jcbq96R7rTitAoXV54FYMatvihnpD2+6PUgU4ce3D/m5VDbw+F5CsyKSF176ptitQ==",
      "requires": {
        "quick-lru": "^5.1.1",
        "resolve-alpn": "^1.2.0"
      }
    },
    "is-fullwidth-code-point": {
      "version": "3.0.0",
      "resolved": "https://registry.npmjs.org/is-fullwidth-code-point/-/is-fullwidth-code-point-3.0.0.tgz",
      "integrity": "sha512-zymm5+u+sCsSWyD9qNaejV3DFvhCKclKdizYaJUuHA83RLjb7nSuGnddCHGv0hk+KY7BMAlsWeK4Ueg6EV6XQg=="
    },
    "json-buffer": {
      "version": "3.0.1",
      "resolved": "https://registry.npmjs.org/json-buffer/-/json-buffer-3.0.1.tgz",
      "integrity": "sha512-4bV5BfR2mqfQTJm+V5tPPdf+ZpuhiIvTuAB5g8kcrXOZpTT/QwwVRWBywX1ozr6lEuPdbHxwaJlm9G6mI2sfSQ=="
    },
    "keyv": {
      "version": "4.3.0",
      "resolved": "https://registry.npmjs.org/keyv/-/keyv-4.3.0.tgz",
      "integrity": "sha512-C30Un9+63J0CsR7Wka5quXKqYZsT6dcRQ2aOwGcSc3RiQ4HGWpTAHlCA+puNfw2jA/s11EsxA1nCXgZRuRKMQQ==",
      "requires": {
        "compress-brotli": "^1.3.8",
        "json-buffer": "3.0.1"
      }
    },
    "lodash": {
      "version": "4.17.21",
      "resolved": "https://registry.npmjs.org/lodash/-/lodash-4.17.21.tgz",
      "integrity": "sha512-v2kDEe57lecTulaDIuNTPy3Ry4gLGJ6Z1O3vE1krgXZNrsQ+LFTGHVxVjcXPs17LhbZVGedAJv8XZ1tvj5FvSg==",
      "dev": true
    },
    "lowercase-keys": {
      "version": "2.0.0",
      "resolved": "https://registry.npmjs.org/lowercase-keys/-/lowercase-keys-2.0.0.tgz",
      "integrity": "sha512-tqNXrS78oMOE73NMxK4EMLQsQowWf8jKooH9g7xPavRT706R6bkQJ6DY2Te7QukaZsulxa30wQ7bk0pm4XiHmA=="
    },
    "mimic-response": {
      "version": "1.0.1",
      "resolved": "https://registry.npmjs.org/mimic-response/-/mimic-response-1.0.1.tgz",
      "integrity": "sha512-j5EctnkH7amfV/q5Hgmoal1g2QHFJRraOtmx0JpIqkxhBhI/lJSl1nMpQ45hVarwNETOoWEimndZ4QK0RHxuxQ=="
    },
    "node-abort-controller": {
      "version": "3.0.1",
      "resolved": "https://registry.npmjs.org/node-abort-controller/-/node-abort-controller-3.0.1.tgz",
      "integrity": "sha512-/ujIVxthRs+7q6hsdjHMaj8hRG9NuWmwrz+JdRwZ14jdFoKSkm+vDsCbF9PLpnSqjaWQJuTmVtcWHNLr+vrOFw=="
    },
    "node-fetch": {
      "version": "2.6.7",
      "resolved": "https://registry.npmjs.org/node-fetch/-/node-fetch-2.6.7.tgz",
      "integrity": "sha512-ZjMPFEfVx5j+y2yF35Kzx5sF7kDzxuDj6ziH4FFbOp87zKDZNx8yExJIb05OGF4Nlt9IHFIMBkRl41VdvcNdbQ==",
      "requires": {
        "whatwg-url": "^5.0.0"
      }
    },
    "normalize-url": {
      "version": "6.1.0",
      "resolved": "https://registry.npmjs.org/normalize-url/-/normalize-url-6.1.0.tgz",
      "integrity": "sha512-DlL+XwOy3NxAQ8xuC0okPgK46iuVNAK01YN7RueYBqqFeGsBjV9XmCAzAdgt+667bCl5kPh9EqKKDwnaPG1I7A=="
    },
    "object-assign": {
      "version": "4.1.1",
      "resolved": "https://registry.npmjs.org/object-assign/-/object-assign-4.1.1.tgz",
      "integrity": "sha512-rJgTQnkUnH1sFw8yT6VSU3zD3sWmu6sZhIseY8VX+GRu3P6F7Fu+JNDoXfklElbLJSnc3FUQHVe4cU5hj+BcUg=="
    },
    "once": {
      "version": "1.4.0",
      "resolved": "https://registry.npmjs.org/once/-/once-1.4.0.tgz",
      "integrity": "sha512-lNaJgI+2Q5URQBkccEKHTQOPaXdUxnZZElQTZY0MFUAuaEqe1E+Nyvgdz/aIyNi6Z9MzO5dv1H8n58/GELp3+w==",
      "requires": {
        "wrappy": "1"
      }
    },
    "p-cancelable": {
      "version": "3.0.0",
      "resolved": "https://registry.npmjs.org/p-cancelable/-/p-cancelable-3.0.0.tgz",
      "integrity": "sha512-mlVgR3PGuzlo0MmTdk4cXqXWlwQDLnONTAg6sm62XkMJEiRxN3GL3SffkYvqwonbkJBcrI7Uvv5Zh9yjvn2iUw=="
    },
    "pump": {
      "version": "3.0.0",
      "resolved": "https://registry.npmjs.org/pump/-/pump-3.0.0.tgz",
      "integrity": "sha512-LwZy+p3SFs1Pytd/jYct4wpv49HiYCqd9Rlc5ZVdk0V+8Yzv6jR5Blk3TRmPL1ft69TxP0IMZGJ+WPFU2BFhww==",
      "requires": {
        "end-of-stream": "^1.1.0",
        "once": "^1.3.1"
      }
    },
    "quick-lru": {
      "version": "5.1.1",
      "resolved": "https://registry.npmjs.org/quick-lru/-/quick-lru-5.1.1.tgz",
      "integrity": "sha512-WuyALRjWPDGtt/wzJiadO5AXY+8hZ80hVpe6MyivgraREW751X3SbhRvG3eLKOYN+8VEvqLcf3wdnt44Z4S4SA=="
    },
    "resolve-alpn": {
      "version": "1.2.1",
      "resolved": "https://registry.npmjs.org/resolve-alpn/-/resolve-alpn-1.2.1.tgz",
      "integrity": "sha512-0a1F4l73/ZFZOakJnQ3FvkJ2+gSTQWz/r2KE5OdDY0TxPm5h4GkqkWWfM47T7HsbnOtcJVEF4epCVy6u7Q3K+g=="
    },
    "responselike": {
      "version": "2.0.0",
      "resolved": "https://registry.npmjs.org/responselike/-/responselike-2.0.0.tgz",
      "integrity": "sha512-xH48u3FTB9VsZw7R+vvgaKeLKzT6jOogbQhEe/jewwnZgzPcnyWui2Av6JpoYZF/91uueC+lqhWqeURw5/qhCw==",
      "requires": {
        "lowercase-keys": "^2.0.0"
      }
    },
    "string-width": {
      "version": "4.2.3",
      "resolved": "https://registry.npmjs.org/string-width/-/string-width-4.2.3.tgz",
      "integrity": "sha512-wKyQRQpjJ0sIp62ErSZdGsjMJWsap5oRNihHhu6G7JVO/9jIB6UyevL+tXuOqrng8j/cxKTWyWUwvSTriiZz/g==",
      "requires": {
        "emoji-regex": "^8.0.0",
        "is-fullwidth-code-point": "^3.0.0",
        "strip-ansi": "^6.0.1"
      }
    },
    "strip-ansi": {
      "version": "6.0.1",
      "resolved": "https://registry.npmjs.org/strip-ansi/-/strip-ansi-6.0.1.tgz",
      "integrity": "sha512-Y38VPSHcqkFrCpFnQ9vuSXmquuv5oXOKpGeT6aGrr3o3Gc9AlVa6JBfUSOCnbxGGZF+/0ooI7KrPuUSztUdU5A==",
      "requires": {
        "ansi-regex": "^5.0.1"
      }
    },
    "supports-color": {
      "version": "7.2.0",
      "resolved": "https://registry.npmjs.org/supports-color/-/supports-color-7.2.0.tgz",
      "integrity": "sha512-qpCAvRl9stuOHveKsn7HncJRvv501qIacKzQlO/+Lwxc9+0q2wLyv4Dfvt80/DPn2pqOBsJdDiogXGR9+OvwRw==",
      "requires": {
        "has-flag": "^4.0.0"
      }
    },
    "tr46": {
      "version": "0.0.3",
      "resolved": "https://registry.npmjs.org/tr46/-/tr46-0.0.3.tgz",
      "integrity": "sha1-gYT9NH2snNwYWZLzpmIuFLnZq2o="
    },
    "type-fest": {
      "version": "0.20.2",
      "resolved": "https://registry.npmjs.org/type-fest/-/type-fest-0.20.2.tgz",
      "integrity": "sha512-Ne+eE4r0/iWnpAxD852z3A+N0Bt5RN//NjJwRd2VFHEmrywxf5vsZlh4R6lixl6B+wz/8d+maTSAkN1FIkI3LQ=="
    },
    "util-deprecate": {
      "version": "1.0.2",
      "resolved": "https://registry.npmjs.org/util-deprecate/-/util-deprecate-1.0.2.tgz",
      "integrity": "sha1-RQ1Nyfpw3nMnYvvS1KKJgUGaDM8="
    },
    "webidl-conversions": {
      "version": "3.0.1",
      "resolved": "https://registry.npmjs.org/webidl-conversions/-/webidl-conversions-3.0.1.tgz",
      "integrity": "sha1-JFNCdeKnvGvnvIZhHMFq4KVlSHE="
    },
    "whatwg-url": {
      "version": "5.0.0",
      "resolved": "https://registry.npmjs.org/whatwg-url/-/whatwg-url-5.0.0.tgz",
      "integrity": "sha1-lmRU6HZUYuN2RNNib2dCzotwll0=",
      "requires": {
        "tr46": "~0.0.3",
        "webidl-conversions": "^3.0.0"
      }
    },
    "widest-line": {
      "version": "3.1.0",
      "resolved": "https://registry.npmjs.org/widest-line/-/widest-line-3.1.0.tgz",
      "integrity": "sha512-NsmoXalsWVDMGupxZ5R08ka9flZjjiLvHVAWYOKtiKM8ujtZWr9cRffak+uSE48+Ob8ObalXpwyeUiyDD6QFgg==",
      "requires": {
        "string-width": "^4.0.0"
      }
    },
    "wrap-ansi": {
      "version": "7.0.0",
      "resolved": "https://registry.npmjs.org/wrap-ansi/-/wrap-ansi-7.0.0.tgz",
      "integrity": "sha512-YVGIj2kamLSTxw6NsZjoBxfSwsn0ycdesmc4p+Q21c5zPuZ1pl+NfxVdxPtdHvmNVOQ6XSYG4AUtyt/Fi7D16Q==",
      "requires": {
        "ansi-styles": "^4.0.0",
        "string-width": "^4.1.0",
        "strip-ansi": "^6.0.0"
      }
    },
    "wrappy": {
      "version": "1.0.2",
      "resolved": "https://registry.npmjs.org/wrappy/-/wrappy-1.0.2.tgz",
      "integrity": "sha1-tSQ9jz7BqjXxNkYFvA0QNuMKtp8="
    }
  }
}
